
Microsoft Visual Studio Solution File, Format Version 12.00
# Visual Studio Version 17
VisualStudioVersion = 17.2.32516.85
MinimumVisualStudioVersion = 10.0.40219.1
Project("{FAE04EC0-301F-11D3-BF4B-00C04F79EFBC}") = "WpfTestApp", "WpfTestApp\WpfTestApp.csproj", "{F202759E-9DE1-4D08-8441-360B3BF8E479}"
EndProject
Global
	GlobalSection(SolutionConfigurationPlatforms) = preSolution
		Debug|Any CPU = Debug|Any CPU
		Release|Any CPU = Release|Any CPU
	EndGlobalSection
	GlobalSection(ProjectConfigurationPlatforms) = postSolution
		{F202759E-9DE1-4D08-8441-360B3BF8E479}.Debug|Any CPU.ActiveCfg = Debug|Any CPU
		{F202759E-9DE1-4D08-8441-360B3BF8E479}.Debug|Any CPU.Build.0 = Debug|Any CPU
		{F202759E-9DE1-4D08-8441-360B3BF8E479}.Release|Any CPU.ActiveCfg = Release|Any CPU
		{F202759E-9DE1-4D08-8441-360B3BF8E479}.Release|Any CPU.Build.0 = Release|Any CPU
	EndGlobalSection
	GlobalSection(SolutionProperties) = preSolution
		HideSolutionNode = FALSE
	EndGlobalSection
	GlobalSection(ExtensibilityGlobals) = postSolution
		SolutionGuid = {DC2D0EB9-D6EA-4DB5-B0CA-CA8A717DD896}
	EndGlobalSection
EndGlobal
